// !$*UTF8*$!
{
	archiveVersion = 1;
	classes = {
	};
	objectVersion = 56;
	objects = {

/* Begin PBXBuildFile section */
		9F07CB252BBF3A4500143C14 /* MentalHealthApp.swift in Sources */ = {isa = PBXBuildFile; fileRef = 9F07CB242BBF3A4500143C14 /* MentalHealthApp.swift */; };
		9F07CB272BBF3A4500143C14 /* ContentView.swift in Sources */ = {isa = PBXBuildFile; fileRef = 9F07CB262BBF3A4500143C14 /* ContentView.swift */; };
		9F07CB292BBF3A4500143C14 /* Questionnaire.swift in Sources */ = {isa = PBXBuildFile; fileRef = 9F07CB282BBF3A4500143C14 /* Questionnaire.swift */; };
		9F07CB2B2BBF3A4600143C14 /* Assets.xcassets in Resources */ = {isa = PBXBuildFile; fileRef = 9F07CB2A2BBF3A4600143C14 /* Assets.xcassets */; };
		9F07CB2F2BBF3A4600143C14 /* Preview Assets.xcassets in Resources */ = {isa = PBXBuildFile; fileRef = 9F07CB2E2BBF3A4600143C14 /* Preview Assets.xcassets */; };
		9F07CB392BBF3A4600143C14 /* MentalHealthTests.swift in Sources */ = {isa = PBXBuildFile; fileRef = 9F07CB382BBF3A4600143C14 /* MentalHealthTests.swift */; };
		9F07CB432BBF3A4600143C14 /* MentalHealthUITests.swift in Sources */ = {isa = PBXBuildFile; fileRef = 9F07CB422BBF3A4600143C14 /* MentalHealthUITests.swift */; };
		9F7439DE2BC5B810002E639D /* QuestionnairesView.swift in Sources */ = {isa = PBXBuildFile; fileRef = 9F7439DD2BC5B810002E639D /* QuestionnairesView.swift */; };
		9F7439E02BC5BB55002E639D /* QuestionnairesListView.swift in Sources */ = {isa = PBXBuildFile; fileRef = 9F7439DF2BC5BB55002E639D /* QuestionnairesListView.swift */; };
		9F7439E22BC5C0F3002E639D /* QuestionnairesEmptyView.swift in Sources */ = {isa = PBXBuildFile; fileRef = 9F7439E12BC5C0F3002E639D /* QuestionnairesEmptyView.swift */; };
/* End PBXBuildFile section */

/* Begin PBXContainerItemProxy section */
		9F07CB352BBF3A4600143C14 /* PBXContainerItemProxy */ = {
			isa = PBXContainerItemProxy;
			containerPortal = 9F07CB192BBF3A4500143C14 /* Project object */;
			proxyType = 1;
			remoteGlobalIDString = 9F07CB202BBF3A4500143C14;
			remoteInfo = MentalHealth;
		};
		9F07CB3F2BBF3A4600143C14 /* PBXContainerItemProxy */ = {
			isa = PBXContainerItemProxy;
			containerPortal = 9F07CB192BBF3A4500143C14 /* Project object */;
			proxyType = 1;
			remoteGlobalIDString = 9F07CB202BBF3A4500143C14;
			remoteInfo = MentalHealth;
		};
/* End PBXContainerItemProxy section */

/* Begin PBXFileReference section */
		9F07CB212BBF3A4500143C14 /* MentalHealth.app */ = {isa = PBXFileReference; explicitFileType = wrapper.application; includeInIndex = 0; path = MentalHealth.app; sourceTree = BUILT_PRODUCTS_DIR; };
		9F07CB242BBF3A4500143C14 /* MentalHealthApp.swift */ = {isa = PBXFileReference; lastKnownFileType = sourcecode.swift; path = MentalHealthApp.swift; sourceTree = "<group>"; };
		9F07CB262BBF3A4500143C14 /* ContentView.swift */ = {isa = PBXFileReference; lastKnownFileType = sourcecode.swift; path = ContentView.swift; sourceTree = "<group>"; };
		9F07CB282BBF3A4500143C14 /* Questionnaire.swift */ = {isa = PBXFileReference; lastKnownFileType = sourcecode.swift; path = Questionnaire.swift; sourceTree = "<group>"; };
		9F07CB2A2BBF3A4600143C14 /* Assets.xcassets */ = {isa = PBXFileReference; lastKnownFileType = folder.assetcatalog; path = Assets.xcassets; sourceTree = "<group>"; };
		9F07CB2C2BBF3A4600143C14 /* MentalHealth.entitlements */ = {isa = PBXFileReference; lastKnownFileType = text.plist.entitlements; path = MentalHealth.entitlements; sourceTree = "<group>"; };
		9F07CB2E2BBF3A4600143C14 /* Preview Assets.xcassets */ = {isa = PBXFileReference; lastKnownFileType = folder.assetcatalog; path = "Preview Assets.xcassets"; sourceTree = "<group>"; };
		9F07CB342BBF3A4600143C14 /* MentalHealthTests.xctest */ = {isa = PBXFileReference; explicitFileType = wrapper.cfbundle; includeInIndex = 0; path = MentalHealthTests.xctest; sourceTree = BUILT_PRODUCTS_DIR; };
		9F07CB382BBF3A4600143C14 /* MentalHealthTests.swift */ = {isa = PBXFileReference; lastKnownFileType = sourcecode.swift; path = MentalHealthTests.swift; sourceTree = "<group>"; };
		9F07CB3E2BBF3A4600143C14 /* MentalHealthUITests.xctest */ = {isa = PBXFileReference; explicitFileType = wrapper.cfbundle; includeInIndex = 0; path = MentalHealthUITests.xctest; sourceTree = BUILT_PRODUCTS_DIR; };
		9F07CB422BBF3A4600143C14 /* MentalHealthUITests.swift */ = {isa = PBXFileReference; lastKnownFileType = sourcecode.swift; path = MentalHealthUITests.swift; sourceTree = "<group>"; };
		9F07CB512BBF3CC100143C14 /* README.md */ = {isa = PBXFileReference; lastKnownFileType = net.daringfireball.markdown; path = README.md; sourceTree = "<group>"; };
		9F7439DD2BC5B810002E639D /* QuestionnairesView.swift */ = {isa = PBXFileReference; lastKnownFileType = sourcecode.swift; path = QuestionnairesView.swift; sourceTree = "<group>"; };
		9F7439DF2BC5BB55002E639D /* QuestionnairesListView.swift */ = {isa = PBXFileReference; lastKnownFileType = sourcecode.swift; path = QuestionnairesListView.swift; sourceTree = "<group>"; };
		9F7439E12BC5C0F3002E639D /* QuestionnairesEmptyView.swift */ = {isa = PBXFileReference; lastKnownFileType = sourcecode.swift; path = QuestionnairesEmptyView.swift; sourceTree = "<group>"; };
/* End PBXFileReference section */

/* Begin PBXFrameworksBuildPhase section */
		9F07CB1E2BBF3A4500143C14 /* Frameworks */ = {
			isa = PBXFrameworksBuildPhase;
			buildActionMask = 2147483647;
			files = (
			);
			runOnlyForDeploymentPostprocessing = 0;
		};
		9F07CB312BBF3A4600143C14 /* Frameworks */ = {
			isa = PBXFrameworksBuildPhase;
			buildActionMask = 2147483647;
			files = (
			);
			runOnlyForDeploymentPostprocessing = 0;
		};
		9F07CB3B2BBF3A4600143C14 /* Frameworks */ = {
			isa = PBXFrameworksBuildPhase;
			buildActionMask = 2147483647;
			files = (
			);
			runOnlyForDeploymentPostprocessing = 0;
		};
/* End PBXFrameworksBuildPhase section */

/* Begin PBXGroup section */
		9F07CB182BBF3A4500143C14 = {
			isa = PBXGroup;
			children = (
				9F07CB512BBF3CC100143C14 /* README.md */,
				9F07CB232BBF3A4500143C14 /* MentalHealth */,
				9F07CB372BBF3A4600143C14 /* MentalHealthTests */,
				9F07CB412BBF3A4600143C14 /* MentalHealthUITests */,
				9F07CB222BBF3A4500143C14 /* Products */,
			);
			sourceTree = "<group>";
		};
		9F07CB222BBF3A4500143C14 /* Products */ = {
			isa = PBXGroup;
			children = (
				9F07CB212BBF3A4500143C14 /* MentalHealth.app */,
				9F07CB342BBF3A4600143C14 /* MentalHealthTests.xctest */,
				9F07CB3E2BBF3A4600143C14 /* MentalHealthUITests.xctest */,
			);
			name = Products;
			sourceTree = "<group>";
		};
		9F07CB232BBF3A4500143C14 /* MentalHealth */ = {
			isa = PBXGroup;
			children = (
				9F07CB242BBF3A4500143C14 /* MentalHealthApp.swift */,
				9F07CB262BBF3A4500143C14 /* ContentView.swift */,
				9F07CB282BBF3A4500143C14 /* Questionnaire.swift */,
				9F7439DC2BC5B7CD002E639D /* Questionnaires */,
				9F07CB2A2BBF3A4600143C14 /* Assets.xcassets */,
				9F07CB2C2BBF3A4600143C14 /* MentalHealth.entitlements */,
				9F07CB2D2BBF3A4600143C14 /* Preview Content */,
			);
			path = MentalHealth;
			sourceTree = "<group>";
		};
		9F07CB2D2BBF3A4600143C14 /* Preview Content */ = {
			isa = PBXGroup;
			children = (
				9F07CB2E2BBF3A4600143C14 /* Preview Assets.xcassets */,
			);
			path = "Preview Content";
			sourceTree = "<group>";
		};
		9F07CB372BBF3A4600143C14 /* MentalHealthTests */ = {
			isa = PBXGroup;
			children = (
				9F07CB382BBF3A4600143C14 /* MentalHealthTests.swift */,
			);
			path = MentalHealthTests;
			sourceTree = "<group>";
		};
		9F07CB412BBF3A4600143C14 /* MentalHealthUITests */ = {
			isa = PBXGroup;
			children = (
				9F07CB422BBF3A4600143C14 /* MentalHealthUITests.swift */,
			);
			path = MentalHealthUITests;
			sourceTree = "<group>";
		};
		9F7439DC2BC5B7CD002E639D /* Questionnaires */ = {
			isa = PBXGroup;
			children = (
				9F7439DD2BC5B810002E639D /* QuestionnairesView.swift */,
				9F7439DF2BC5BB55002E639D /* QuestionnairesListView.swift */,
				9F7439E12BC5C0F3002E639D /* QuestionnairesEmptyView.swift */,
			);
			path = Questionnaires;
			sourceTree = "<group>";
		};
/* End PBXGroup section */

/* Begin PBXNativeTarget section */
		9F07CB202BBF3A4500143C14 /* MentalHealth */ = {
			isa = PBXNativeTarget;
			buildConfigurationList = 9F07CB482BBF3A4600143C14 /* Build configuration list for PBXNativeTarget "MentalHealth" */;
			buildPhases = (
				9F07CB1D2BBF3A4500143C14 /* Sources */,
				9F07CB1E2BBF3A4500143C14 /* Frameworks */,
				9F07CB1F2BBF3A4500143C14 /* Resources */,
			);
			buildRules = (
			);
			dependencies = (
			);
			name = MentalHealth;
			productName = MentalHealth;
			productReference = 9F07CB212BBF3A4500143C14 /* MentalHealth.app */;
			productType = "com.apple.product-type.application";
		};
		9F07CB332BBF3A4600143C14 /* MentalHealthTests */ = {
			isa = PBXNativeTarget;
			buildConfigurationList = 9F07CB4B2BBF3A4600143C14 /* Build configuration list for PBXNativeTarget "MentalHealthTests" */;
			buildPhases = (
				9F07CB302BBF3A4600143C14 /* Sources */,
				9F07CB312BBF3A4600143C14 /* Frameworks */,
				9F07CB322BBF3A4600143C14 /* Resources */,
			);
			buildRules = (
			);
			dependencies = (
				9F07CB362BBF3A4600143C14 /* PBXTargetDependency */,
			);
			name = MentalHealthTests;
			productName = MentalHealthTests;
			productReference = 9F07CB342BBF3A4600143C14 /* MentalHealthTests.xctest */;
			productType = "com.apple.product-type.bundle.unit-test";
		};
		9F07CB3D2BBF3A4600143C14 /* MentalHealthUITests */ = {
			isa = PBXNativeTarget;
			buildConfigurationList = 9F07CB4E2BBF3A4600143C14 /* Build configuration list for PBXNativeTarget "MentalHealthUITests" */;
			buildPhases = (
				9F07CB3A2BBF3A4600143C14 /* Sources */,
				9F07CB3B2BBF3A4600143C14 /* Frameworks */,
				9F07CB3C2BBF3A4600143C14 /* Resources */,
			);
			buildRules = (
			);
			dependencies = (
				9F07CB402BBF3A4600143C14 /* PBXTargetDependency */,
			);
			name = MentalHealthUITests;
			productName = MentalHealthUITests;
			productReference = 9F07CB3E2BBF3A4600143C14 /* MentalHealthUITests.xctest */;
			productType = "com.apple.product-type.bundle.ui-testing";
		};
/* End PBXNativeTarget section */

/* Begin PBXProject section */
		9F07CB192BBF3A4500143C14 /* Project object */ = {
			isa = PBXProject;
			attributes = {
				BuildIndependentTargetsInParallel = 1;
				LastSwiftUpdateCheck = 1530;
				LastUpgradeCheck = 1530;
				TargetAttributes = {
					9F07CB202BBF3A4500143C14 = {
						CreatedOnToolsVersion = 15.3;
					};
					9F07CB332BBF3A4600143C14 = {
						CreatedOnToolsVersion = 15.3;
						TestTargetID = 9F07CB202BBF3A4500143C14;
					};
					9F07CB3D2BBF3A4600143C14 = {
						CreatedOnToolsVersion = 15.3;
						TestTargetID = 9F07CB202BBF3A4500143C14;
					};
				};
			};
			buildConfigurationList = 9F07CB1C2BBF3A4500143C14 /* Build configuration list for PBXProject "MentalHealth" */;
			compatibilityVersion = "Xcode 14.0";
			developmentRegion = en;
			hasScannedForEncodings = 0;
			knownRegions = (
				en,
				Base,
			);
			mainGroup = 9F07CB182BBF3A4500143C14;
			productRefGroup = 9F07CB222BBF3A4500143C14 /* Products */;
			projectDirPath = "";
			projectRoot = "";
			targets = (
				9F07CB202BBF3A4500143C14 /* MentalHealth */,
				9F07CB332BBF3A4600143C14 /* MentalHealthTests */,
				9F07CB3D2BBF3A4600143C14 /* MentalHealthUITests */,
			);
		};
/* End PBXProject section */

/* Begin PBXResourcesBuildPhase section */
		9F07CB1F2BBF3A4500143C14 /* Resources */ = {
			isa = PBXResourcesBuildPhase;
			buildActionMask = 2147483647;
			files = (
				9F07CB2F2BBF3A4600143C14 /* Preview Assets.xcassets in Resources */,
				9F07CB2B2BBF3A4600143C14 /* Assets.xcassets in Resources */,
			);
			runOnlyForDeploymentPostprocessing = 0;
		};
		9F07CB322BBF3A4600143C14 /* Resources */ = {
			isa = PBXResourcesBuildPhase;
			buildActionMask = 2147483647;
			files = (
			);
			runOnlyForDeploymentPostprocessing = 0;
		};
		9F07CB3C2BBF3A4600143C14 /* Resources */ = {
			isa = PBXResourcesBuildPhase;
			buildActionMask = 2147483647;
			files = (
			);
			runOnlyForDeploymentPostprocessing = 0;
		};
/* End PBXResourcesBuildPhase section */

/* Begin PBXSourcesBuildPhase section */
		9F07CB1D2BBF3A4500143C14 /* Sources */ = {
			isa = PBXSourcesBuildPhase;
			buildActionMask = 2147483647;
			files = (
				9F7439DE2BC5B810002E639D /* QuestionnairesView.swift in Sources */,
				9F7439E02BC5BB55002E639D /* QuestionnairesListView.swift in Sources */,
				9F7439E22BC5C0F3002E639D /* QuestionnairesEmptyView.swift in Sources */,
				9F07CB272BBF3A4500143C14 /* ContentView.swift in Sources */,
				9F07CB292BBF3A4500143C14 /* Questionnaire.swift in Sources */,
				9F07CB252BBF3A4500143C14 /* MentalHealthApp.swift in Sources */,
			);
			runOnlyForDeploymentPostprocessing = 0;
		};
		9F07CB302BBF3A4600143C14 /* Sources */ = {
			isa = PBXSourcesBuildPhase;
			buildActionMask = 2147483647;
			files = (
				9F07CB392BBF3A4600143C14 /* MentalHealthTests.swift in Sources */,
			);
			runOnlyForDeploymentPostprocessing = 0;
		};
		9F07CB3A2BBF3A4600143C14 /* Sources */ = {
			isa = PBXSourcesBuildPhase;
			buildActionMask = 2147483647;
			files = (
				9F07CB432BBF3A4600143C14 /* MentalHealthUITests.swift in Sources */,
			);
			runOnlyForDeploymentPostprocessing = 0;
		};
/* End PBXSourcesBuildPhase section */

/* Begin PBXTargetDependency section */
		9F07CB362BBF3A4600143C14 /* PBXTargetDependency */ = {
			isa = PBXTargetDependency;
			target = 9F07CB202BBF3A4500143C14 /* MentalHealth */;
			targetProxy = 9F07CB352BBF3A4600143C14 /* PBXContainerItemProxy */;
		};
		9F07CB402BBF3A4600143C14 /* PBXTargetDependency */ = {
			isa = PBXTargetDependency;
			target = 9F07CB202BBF3A4500143C14 /* MentalHealth */;
			targetProxy = 9F07CB3F2BBF3A4600143C14 /* PBXContainerItemProxy */;
		};
/* End PBXTargetDependency section */

/* Begin XCBuildConfiguration section */
		9F07CB462BBF3A4600143C14 /* Debug */ = {
			isa = XCBuildConfiguration;
			buildSettings = {
				ALWAYS_SEARCH_USER_PATHS = NO;
				ASSETCATALOG_COMPILER_GENERATE_SWIFT_ASSET_SYMBOL_EXTENSIONS = YES;
				CLANG_ANALYZER_NONNULL = YES;
				CLANG_ANALYZER_NUMBER_OBJECT_CONVERSION = YES_AGGRESSIVE;
				CLANG_CXX_LANGUAGE_STANDARD = "gnu++20";
				CLANG_ENABLE_MODULES = YES;
				CLANG_ENABLE_OBJC_ARC = YES;
				CLANG_ENABLE_OBJC_WEAK = YES;
				CLANG_WARN_BLOCK_CAPTURE_AUTORELEASING = YES;
				CLANG_WARN_BOOL_CONVERSION = YES;
				CLANG_WARN_COMMA = YES;
				CLANG_WARN_CONSTANT_CONVERSION = YES;
				CLANG_WARN_DEPRECATED_OBJC_IMPLEMENTATIONS = YES;
				CLANG_WARN_DIRECT_OBJC_ISA_USAGE = YES_ERROR;
				CLANG_WARN_DOCUMENTATION_COMMENTS = YES;
				CLANG_WARN_EMPTY_BODY = YES;
				CLANG_WARN_ENUM_CONVERSION = YES;
				CLANG_WARN_INFINITE_RECURSION = YES;
				CLANG_WARN_INT_CONVERSION = YES;
				CLANG_WARN_NON_LITERAL_NULL_CONVERSION = YES;
				CLANG_WARN_OBJC_IMPLICIT_RETAIN_SELF = YES;
				CLANG_WARN_OBJC_LITERAL_CONVERSION = YES;
				CLANG_WARN_OBJC_ROOT_CLASS = YES_ERROR;
				CLANG_WARN_QUOTED_INCLUDE_IN_FRAMEWORK_HEADER = YES;
				CLANG_WARN_RANGE_LOOP_ANALYSIS = YES;
				CLANG_WARN_STRICT_PROTOTYPES = YES;
				CLANG_WARN_SUSPICIOUS_MOVE = YES;
				CLANG_WARN_UNGUARDED_AVAILABILITY = YES_AGGRESSIVE;
				CLANG_WARN_UNREACHABLE_CODE = YES;
				CLANG_WARN__DUPLICATE_METHOD_MATCH = YES;
				COPY_PHASE_STRIP = NO;
				DEBUG_INFORMATION_FORMAT = dwarf;
				ENABLE_STRICT_OBJC_MSGSEND = YES;
				ENABLE_TESTABILITY = YES;
				ENABLE_USER_SCRIPT_SANDBOXING = YES;
				GCC_C_LANGUAGE_STANDARD = gnu17;
				GCC_DYNAMIC_NO_PIC = NO;
				GCC_NO_COMMON_BLOCKS = YES;
				GCC_OPTIMIZATION_LEVEL = 0;
				GCC_PREPROCESSOR_DEFINITIONS = (
					"DEBUG=1",
					"$(inherited)",
				);
				GCC_WARN_64_TO_32_BIT_CONVERSION = YES;
				GCC_WARN_ABOUT_RETURN_TYPE = YES_ERROR;
				GCC_WARN_UNDECLARED_SELECTOR = YES;
				GCC_WARN_UNINITIALIZED_AUTOS = YES_AGGRESSIVE;
				GCC_WARN_UNUSED_FUNCTION = YES;
				GCC_WARN_UNUSED_VARIABLE = YES;
				LOCALIZATION_PREFERS_STRING_CATALOGS = YES;
				MTL_ENABLE_DEBUG_INFO = INCLUDE_SOURCE;
				MTL_FAST_MATH = YES;
				ONLY_ACTIVE_ARCH = YES;
				SWIFT_ACTIVE_COMPILATION_CONDITIONS = "DEBUG $(inherited)";
				SWIFT_OPTIMIZATION_LEVEL = "-Onone";
			};
			name = Debug;
		};
		9F07CB472BBF3A4600143C14 /* Release */ = {
			isa = XCBuildConfiguration;
			buildSettings = {
				ALWAYS_SEARCH_USER_PATHS = NO;
				ASSETCATALOG_COMPILER_GENERATE_SWIFT_ASSET_SYMBOL_EXTENSIONS = YES;
				CLANG_ANALYZER_NONNULL = YES;
				CLANG_ANALYZER_NUMBER_OBJECT_CONVERSION = YES_AGGRESSIVE;
				CLANG_CXX_LANGUAGE_STANDARD = "gnu++20";
				CLANG_ENABLE_MODULES = YES;
				CLANG_ENABLE_OBJC_ARC = YES;
				CLANG_ENABLE_OBJC_WEAK = YES;
				CLANG_WARN_BLOCK_CAPTURE_AUTORELEASING = YES;
				CLANG_WARN_BOOL_CONVERSION = YES;
				CLANG_WARN_COMMA = YES;
				CLANG_WARN_CONSTANT_CONVERSION = YES;
				CLANG_WARN_DEPRECATED_OBJC_IMPLEMENTATIONS = YES;
				CLANG_WARN_DIRECT_OBJC_ISA_USAGE = YES_ERROR;
				CLANG_WARN_DOCUMENTATION_COMMENTS = YES;
				CLANG_WARN_EMPTY_BODY = YES;
				CLANG_WARN_ENUM_CONVERSION = YES;
				CLANG_WARN_INFINITE_RECURSION = YES;
				CLANG_WARN_INT_CONVERSION = YES;
				CLANG_WARN_NON_LITERAL_NULL_CONVERSION = YES;
				CLANG_WARN_OBJC_IMPLICIT_RETAIN_SELF = YES;
				CLANG_WARN_OBJC_LITERAL_CONVERSION = YES;
				CLANG_WARN_OBJC_ROOT_CLASS = YES_ERROR;
				CLANG_WARN_QUOTED_INCLUDE_IN_FRAMEWORK_HEADER = YES;
				CLANG_WARN_RANGE_LOOP_ANALYSIS = YES;
				CLANG_WARN_STRICT_PROTOTYPES = YES;
				CLANG_WARN_SUSPICIOUS_MOVE = YES;
				CLANG_WARN_UNGUARDED_AVAILABILITY = YES_AGGRESSIVE;
				CLANG_WARN_UNREACHABLE_CODE = YES;
				CLANG_WARN__DUPLICATE_METHOD_MATCH = YES;
				COPY_PHASE_STRIP = NO;
				DEBUG_INFORMATION_FORMAT = "dwarf-with-dsym";
				ENABLE_NS_ASSERTIONS = NO;
				ENABLE_STRICT_OBJC_MSGSEND = YES;
				ENABLE_USER_SCRIPT_SANDBOXING = YES;
				GCC_C_LANGUAGE_STANDARD = gnu17;
				GCC_NO_COMMON_BLOCKS = YES;
				GCC_WARN_64_TO_32_BIT_CONVERSION = YES;
				GCC_WARN_ABOUT_RETURN_TYPE = YES_ERROR;
				GCC_WARN_UNDECLARED_SELECTOR = YES;
				GCC_WARN_UNINITIALIZED_AUTOS = YES_AGGRESSIVE;
				GCC_WARN_UNUSED_FUNCTION = YES;
				GCC_WARN_UNUSED_VARIABLE = YES;
				LOCALIZATION_PREFERS_STRING_CATALOGS = YES;
				MTL_ENABLE_DEBUG_INFO = NO;
				MTL_FAST_MATH = YES;
				SWIFT_COMPILATION_MODE = wholemodule;
			};
			name = Release;
		};
		9F07CB492BBF3A4600143C14 /* Debug */ = {
			isa = XCBuildConfiguration;
			buildSettings = {
				ASSETCATALOG_COMPILER_APPICON_NAME = AppIcon;
				ASSETCATALOG_COMPILER_GLOBAL_ACCENT_COLOR_NAME = AccentColor;
				CODE_SIGN_ENTITLEMENTS = MentalHealth/MentalHealth.entitlements;
				CODE_SIGN_STYLE = Automatic;
				CURRENT_PROJECT_VERSION = 1;
				DEVELOPMENT_ASSET_PATHS = "\"MentalHealth/Preview Content\"";
				ENABLE_PREVIEWS = YES;
				GENERATE_INFOPLIST_FILE = YES;
				"INFOPLIST_KEY_UIApplicationSceneManifest_Generation[sdk=iphoneos*]" = YES;
				"INFOPLIST_KEY_UIApplicationSceneManifest_Generation[sdk=iphonesimulator*]" = YES;
				"INFOPLIST_KEY_UIApplicationSupportsIndirectInputEvents[sdk=iphoneos*]" = YES;
				"INFOPLIST_KEY_UIApplicationSupportsIndirectInputEvents[sdk=iphonesimulator*]" = YES;
				"INFOPLIST_KEY_UILaunchScreen_Generation[sdk=iphoneos*]" = YES;
				"INFOPLIST_KEY_UILaunchScreen_Generation[sdk=iphonesimulator*]" = YES;
				"INFOPLIST_KEY_UIStatusBarStyle[sdk=iphoneos*]" = UIStatusBarStyleDefault;
				"INFOPLIST_KEY_UIStatusBarStyle[sdk=iphonesimulator*]" = UIStatusBarStyleDefault;
				INFOPLIST_KEY_UISupportedInterfaceOrientations_iPad = "UIInterfaceOrientationPortrait UIInterfaceOrientationPortraitUpsideDown UIInterfaceOrientationLandscapeLeft UIInterfaceOrientationLandscapeRight";
				INFOPLIST_KEY_UISupportedInterfaceOrientations_iPhone = "UIInterfaceOrientationPortrait UIInterfaceOrientationLandscapeLeft UIInterfaceOrientationLandscapeRight";
				IPHONEOS_DEPLOYMENT_TARGET = 17.4;
				LD_RUNPATH_SEARCH_PATHS = "@executable_path/Frameworks";
				"LD_RUNPATH_SEARCH_PATHS[sdk=macosx*]" = "@executable_path/../Frameworks";
				MACOSX_DEPLOYMENT_TARGET = 14.0;
				MARKETING_VERSION = 1.0;
				PRODUCT_BUNDLE_IDENTIFIER = trevordmiller.MentalHealth;
				PRODUCT_NAME = "$(TARGET_NAME)";
				SDKROOT = auto;
				SUPPORTED_PLATFORMS = "iphoneos iphonesimulator macosx";
				SWIFT_EMIT_LOC_STRINGS = YES;
				SWIFT_VERSION = 5.0;
				TARGETED_DEVICE_FAMILY = "1,2";
			};
			name = Debug;
		};
		9F07CB4A2BBF3A4600143C14 /* Release */ = {
			isa = XCBuildConfiguration;
			buildSettings = {
				ASSETCATALOG_COMPILER_APPICON_NAME = AppIcon;
				ASSETCATALOG_COMPILER_GLOBAL_ACCENT_COLOR_NAME = AccentColor;
				CODE_SIGN_ENTITLEMENTS = MentalHealth/MentalHealth.entitlements;
				CODE_SIGN_STYLE = Automatic;
				CURRENT_PROJECT_VERSION = 1;
				DEVELOPMENT_ASSET_PATHS = "\"MentalHealth/Preview Content\"";
				ENABLE_PREVIEWS = YES;
				GENERATE_INFOPLIST_FILE = YES;
				"INFOPLIST_KEY_UIApplicationSceneManifest_Generation[sdk=iphoneos*]" = YES;
				"INFOPLIST_KEY_UIApplicationSceneManifest_Generation[sdk=iphonesimulator*]" = YES;
				"INFOPLIST_KEY_UIApplicationSupportsIndirectInputEvents[sdk=iphoneos*]" = YES;
				"INFOPLIST_KEY_UIApplicationSupportsIndirectInputEvents[sdk=iphonesimulator*]" = YES;
				"INFOPLIST_KEY_UILaunchScreen_Generation[sdk=iphoneos*]" = YES;
				"INFOPLIST_KEY_UILaunchScreen_Generation[sdk=iphonesimulator*]" = YES;
				"INFOPLIST_KEY_UIStatusBarStyle[sdk=iphoneos*]" = UIStatusBarStyleDefault;
				"INFOPLIST_KEY_UIStatusBarStyle[sdk=iphonesimulator*]" = UIStatusBarStyleDefault;
				INFOPLIST_KEY_UISupportedInterfaceOrientations_iPad = "UIInterfaceOrientationPortrait UIInterfaceOrientationPortraitUpsideDown UIInterfaceOrientationLandscapeLeft UIInterfaceOrientationLandscapeRight";
				INFOPLIST_KEY_UISupportedInterfaceOrientations_iPhone = "UIInterfaceOrientationPortrait UIInterfaceOrientationLandscapeLeft UIInterfaceOrientationLandscapeRight";
				IPHONEOS_DEPLOYMENT_TARGET = 17.4;
				LD_RUNPATH_SEARCH_PATHS = "@executable_path/Frameworks";
				"LD_RUNPATH_SEARCH_PATHS[sdk=macosx*]" = "@executable_path/../Frameworks";
				MACOSX_DEPLOYMENT_TARGET = 14.0;
				MARKETING_VERSION = 1.0;
				PRODUCT_BUNDLE_IDENTIFIER = trevordmiller.MentalHealth;
				PRODUCT_NAME = "$(TARGET_NAME)";
				SDKROOT = auto;
				SUPPORTED_PLATFORMS = "iphoneos iphonesimulator macosx";
				SWIFT_EMIT_LOC_STRINGS = YES;
				SWIFT_VERSION = 5.0;
				TARGETED_DEVICE_FAMILY = "1,2";
			};
			name = Release;
		};
		9F07CB4C2BBF3A4600143C14 /* Debug */ = {
			isa = XCBuildConfiguration;
			buildSettings = {
				ALWAYS_EMBED_SWIFT_STANDARD_LIBRARIES = YES;
				BUNDLE_LOADER = "$(TEST_HOST)";
				CODE_SIGN_STYLE = Automatic;
				CURRENT_PROJECT_VERSION = 1;
				GENERATE_INFOPLIST_FILE = YES;
				IPHONEOS_DEPLOYMENT_TARGET = 17.4;
				MACOSX_DEPLOYMENT_TARGET = 14.4;
				MARKETING_VERSION = 1.0;
				PRODUCT_BUNDLE_IDENTIFIER = trevordmiller.MentalHealthTests;
				PRODUCT_NAME = "$(TARGET_NAME)";
				SDKROOT = auto;
				SUPPORTED_PLATFORMS = "iphoneos iphonesimulator macosx";
				SWIFT_EMIT_LOC_STRINGS = NO;
				SWIFT_VERSION = 5.0;
				TARGETED_DEVICE_FAMILY = "1,2";
				TEST_HOST = "$(BUILT_PRODUCTS_DIR)/MentalHealth.app/$(BUNDLE_EXECUTABLE_FOLDER_PATH)/MentalHealth";
			};
			name = Debug;
		};
		9F07CB4D2BBF3A4600143C14 /* Release */ = {
			isa = XCBuildConfiguration;
			buildSettings = {
				ALWAYS_EMBED_SWIFT_STANDARD_LIBRARIES = YES;
				BUNDLE_LOADER = "$(TEST_HOST)";
				CODE_SIGN_STYLE = Automatic;
				CURRENT_PROJECT_VERSION = 1;
				GENERATE_INFOPLIST_FILE = YES;
				IPHONEOS_DEPLOYMENT_TARGET = 17.4;
				MACOSX_DEPLOYMENT_TARGET = 14.4;
				MARKETING_VERSION = 1.0;
				PRODUCT_BUNDLE_IDENTIFIER = trevordmiller.MentalHealthTests;
				PRODUCT_NAME = "$(TARGET_NAME)";
				SDKROOT = auto;
				SUPPORTED_PLATFORMS = "iphoneos iphonesimulator macosx";
				SWIFT_EMIT_LOC_STRINGS = NO;
				SWIFT_VERSION = 5.0;
				TARGETED_DEVICE_FAMILY = "1,2";
				TEST_HOST = "$(BUILT_PRODUCTS_DIR)/MentalHealth.app/$(BUNDLE_EXECUTABLE_FOLDER_PATH)/MentalHealth";
			};
			name = Release;
		};
		9F07CB4F2BBF3A4600143C14 /* Debug */ = {
			isa = XCBuildConfiguration;
			buildSettings = {
				ALWAYS_EMBED_SWIFT_STANDARD_LIBRARIES = YES;
				CODE_SIGN_STYLE = Automatic;
				CURRENT_PROJECT_VERSION = 1;
				GENERATE_INFOPLIST_FILE = YES;
				IPHONEOS_DEPLOYMENT_TARGET = 17.4;
				MACOSX_DEPLOYMENT_TARGET = 14.4;
				MARKETING_VERSION = 1.0;
				PRODUCT_BUNDLE_IDENTIFIER = trevordmiller.MentalHealthUITests;
				PRODUCT_NAME = "$(TARGET_NAME)";
				SDKROOT = auto;
				SUPPORTED_PLATFORMS = "iphoneos iphonesimulator macosx";
				SWIFT_EMIT_LOC_STRINGS = NO;
				SWIFT_VERSION = 5.0;
				TARGETED_DEVICE_FAMILY = "1,2";
				TEST_TARGET_NAME = MentalHealth;
			};
			name = Debug;
		};
		9F07CB502BBF3A4600143C14 /* Release */ = {
			isa = XCBuildConfiguration;
			buildSettings = {
				ALWAYS_EMBED_SWIFT_STANDARD_LIBRARIES = YES;
				CODE_SIGN_STYLE = Automatic;
				CURRENT_PROJECT_VERSION = 1;
				GENERATE_INFOPLIST_FILE = YES;
				IPHONEOS_DEPLOYMENT_TARGET = 17.4;
				MACOSX_DEPLOYMENT_TARGET = 14.4;
				MARKETING_VERSION = 1.0;
				PRODUCT_BUNDLE_IDENTIFIER = trevordmiller.MentalHealthUITests;
				PRODUCT_NAME = "$(TARGET_NAME)";
				SDKROOT = auto;
				SUPPORTED_PLATFORMS = "iphoneos iphonesimulator macosx";
				SWIFT_EMIT_LOC_STRINGS = NO;
				SWIFT_VERSION = 5.0;
				TARGETED_DEVICE_FAMILY = "1,2";
				TEST_TARGET_NAME = MentalHealth;
			};
			name = Release;
		};
/* End XCBuildConfiguration section */

/* Begin XCConfigurationList section */
		9F07CB1C2BBF3A4500143C14 /* Build configuration list for PBXProject "MentalHealth" */ = {
			isa = XCConfigurationList;
			buildConfigurations = (
				9F07CB462BBF3A4600143C14 /* Debug */,
				9F07CB472BBF3A4600143C14 /* Release */,
			);
			defaultConfigurationIsVisible = 0;
			defaultConfigurationName = Release;
		};
		9F07CB482BBF3A4600143C14 /* Build configuration list for PBXNativeTarget "MentalHealth" */ = {
			isa = XCConfigurationList;
			buildConfigurations = (
				9F07CB492BBF3A4600143C14 /* Debug */,
				9F07CB4A2BBF3A4600143C14 /* Release */,
			);
			defaultConfigurationIsVisible = 0;
			defaultConfigurationName = Release;
		};
		9F07CB4B2BBF3A4600143C14 /* Build configuration list for PBXNativeTarget "MentalHealthTests" */ = {
			isa = XCConfigurationList;
			buildConfigurations = (
				9F07CB4C2BBF3A4600143C14 /* Debug */,
				9F07CB4D2BBF3A4600143C14 /* Release */,
			);
			defaultConfigurationIsVisible = 0;
			defaultConfigurationName = Release;
		};
		9F07CB4E2BBF3A4600143C14 /* Build configuration list for PBXNativeTarget "MentalHealthUITests" */ = {
			isa = XCConfigurationList;
			buildConfigurations = (
				9F07CB4F2BBF3A4600143C14 /* Debug */,
				9F07CB502BBF3A4600143C14 /* Release */,
			);
			defaultConfigurationIsVisible = 0;
			defaultConfigurationName = Release;
		};
/* End XCConfigurationList section */
	};
	rootObject = 9F07CB192BBF3A4500143C14 /* Project object */;
}
